// !$*UTF8*$!
{
	archiveVersion = 1;
	classes = {
	};
	objectVersion = 46;
	objects = {

/* Begin PBXBuildFile section */
		81421D791893AA4A00E5AA79 /* ofxBaseGui.cpp in Sources */ = {isa = PBXBuildFile; fileRef = 81421D681893AA4A00E5AA79 /* ofxBaseGui.cpp */; };
		81421D7A1893AA4A00E5AA79 /* ofxButton.cpp in Sources */ = {isa = PBXBuildFile; fileRef = 81421D6A1893AA4A00E5AA79 /* ofxButton.cpp */; };
		81421D7B1893AA4A00E5AA79 /* ofxGuiGroup.cpp in Sources */ = {isa = PBXBuildFile; fileRef = 81421D6D1893AA4A00E5AA79 /* ofxGuiGroup.cpp */; };
		81421D7C1893AA4A00E5AA79 /* ofxLabel.cpp in Sources */ = {isa = PBXBuildFile; fileRef = 81421D6F1893AA4A00E5AA79 /* ofxLabel.cpp */; };
		81421D7D1893AA4A00E5AA79 /* ofxPanel.cpp in Sources */ = {isa = PBXBuildFile; fileRef = 81421D711893AA4A00E5AA79 /* ofxPanel.cpp */; };
		81421D7E1893AA4A00E5AA79 /* ofxSlider.cpp in Sources */ = {isa = PBXBuildFile; fileRef = 81421D731893AA4A00E5AA79 /* ofxSlider.cpp */; };
		81421D7F1893AA4A00E5AA79 /* ofxSliderGroup.cpp in Sources */ = {isa = PBXBuildFile; fileRef = 81421D751893AA4A00E5AA79 /* ofxSliderGroup.cpp */; };
		81421D801893AA4A00E5AA79 /* ofxToggle.cpp in Sources */ = {isa = PBXBuildFile; fileRef = 81421D771893AA4A00E5AA79 /* ofxToggle.cpp */; };
		81421DAC1893AA4C00E5AA79 /* ofxOscBundle.cpp in Sources */ = {isa = PBXBuildFile; fileRef = 81421D851893AA4C00E5AA79 /* ofxOscBundle.cpp */; };
		81421DAD1893AA4C00E5AA79 /* ofxOscMessage.cpp in Sources */ = {isa = PBXBuildFile; fileRef = 81421D871893AA4C00E5AA79 /* ofxOscMessage.cpp */; };
		81421DAE1893AA4C00E5AA79 /* ofxOscParameterSync.cpp in Sources */ = {isa = PBXBuildFile; fileRef = 81421D891893AA4C00E5AA79 /* ofxOscParameterSync.cpp */; };
		81421DAF1893AA4C00E5AA79 /* ofxOscReceiver.cpp in Sources */ = {isa = PBXBuildFile; fileRef = 81421D8B1893AA4C00E5AA79 /* ofxOscReceiver.cpp */; };
		81421DB01893AA4C00E5AA79 /* ofxOscSender.cpp in Sources */ = {isa = PBXBuildFile; fileRef = 81421D8D1893AA4C00E5AA79 /* ofxOscSender.cpp */; };
		81421DB11893AA4C00E5AA79 /* IpEndpointName.cpp in Sources */ = {isa = PBXBuildFile; fileRef = 81421D931893AA4C00E5AA79 /* IpEndpointName.cpp */; };
		81421DB21893AA4C00E5AA79 /* NetworkingUtils.cpp in Sources */ = {isa = PBXBuildFile; fileRef = 81421D981893AA4C00E5AA79 /* NetworkingUtils.cpp */; };
		81421DB31893AA4C00E5AA79 /* UdpSocket.cpp in Sources */ = {isa = PBXBuildFile; fileRef = 81421D991893AA4C00E5AA79 /* UdpSocket.cpp */; };
		81421DB41893AA4C00E5AA79 /* OscOutboundPacketStream.cpp in Sources */ = {isa = PBXBuildFile; fileRef = 81421DA31893AA4C00E5AA79 /* OscOutboundPacketStream.cpp */; };
		81421DB51893AA4C00E5AA79 /* OscPrintReceivedElements.cpp in Sources */ = {isa = PBXBuildFile; fileRef = 81421DA61893AA4C00E5AA79 /* OscPrintReceivedElements.cpp */; };
		81421DB61893AA4C00E5AA79 /* OscReceivedElements.cpp in Sources */ = {isa = PBXBuildFile; fileRef = 81421DA81893AA4C00E5AA79 /* OscReceivedElements.cpp */; };
		81421DB71893AA4C00E5AA79 /* OscTypes.cpp in Sources */ = {isa = PBXBuildFile; fileRef = 81421DAA1893AA4C00E5AA79 /* OscTypes.cpp */; };
		81421DC61893AA4E00E5AA79 /* ofxParamColorSlider.cpp in Sources */ = {isa = PBXBuildFile; fileRef = 81421DBA1893AA4E00E5AA79 /* ofxParamColorSlider.cpp */; };
		81421DC71893AA4E00E5AA79 /* ofxParamEdit.cpp in Sources */ = {isa = PBXBuildFile; fileRef = 81421DBC1893AA4E00E5AA79 /* ofxParamEdit.cpp */; };
		81421DC81893AA4E00E5AA79 /* ofxParamPanel.cpp in Sources */ = {isa = PBXBuildFile; fileRef = 81421DBE1893AA4E00E5AA79 /* ofxParamPanel.cpp */; };
		81421DC91893AA4E00E5AA79 /* ofxParamSlider.cpp in Sources */ = {isa = PBXBuildFile; fileRef = 81421DC01893AA4E00E5AA79 /* ofxParamSlider.cpp */; };
		81421DCA1893AA4E00E5AA79 /* ofxParamToggle.cpp in Sources */ = {isa = PBXBuildFile; fileRef = 81421DC21893AA4E00E5AA79 /* ofxParamToggle.cpp */; };
		81421DCB1893AA4E00E5AA79 /* ofxParamVecSlider.cpp in Sources */ = {isa = PBXBuildFile; fileRef = 81421DC41893AA4E00E5AA79 /* ofxParamVecSlider.cpp */; };
		81421DD71893AA6000E5AA79 /* ofApp.cpp in Sources */ = {isa = PBXBuildFile; fileRef = 81421DD51893AA6000E5AA79 /* ofApp.cpp */; };
		81421DDA1893ABA000E5AA79 /* main.cpp in Sources */ = {isa = PBXBuildFile; fileRef = 81421DD91893ABA000E5AA79 /* main.cpp */; };
		81421DDD1893ACBD00E5AA79 /* Man.cpp in Sources */ = {isa = PBXBuildFile; fileRef = 81421DDB1893ACBD00E5AA79 /* Man.cpp */; };
		81421DE01893AD5100E5AA79 /* Board.cpp in Sources */ = {isa = PBXBuildFile; fileRef = 81421DDE1893AD5100E5AA79 /* Board.cpp */; };
		81421DE31893AFD600E5AA79 /* Tuio.cpp in Sources */ = {isa = PBXBuildFile; fileRef = 81421DE11893AFD600E5AA79 /* Tuio.cpp */; };
		81421DE618941EBA00E5AA79 /* Pawn.cpp in Sources */ = {isa = PBXBuildFile; fileRef = 81421DE418941EBA00E5AA79 /* Pawn.cpp */; };
		81421DE918941F6900E5AA79 /* Rook.cpp in Sources */ = {isa = PBXBuildFile; fileRef = 81421DE718941F6900E5AA79 /* Rook.cpp */; };
		81421DEC1894248800E5AA79 /* Bishop.cpp in Sources */ = {isa = PBXBuildFile; fileRef = 81421DEA1894248800E5AA79 /* Bishop.cpp */; };
		81421DEF189427B000E5AA79 /* Queen.cpp in Sources */ = {isa = PBXBuildFile; fileRef = 81421DED189427B000E5AA79 /* Queen.cpp */; };
		81421DF21894286000E5AA79 /* King.cpp in Sources */ = {isa = PBXBuildFile; fileRef = 81421DF01894286000E5AA79 /* King.cpp */; };
		81421DF5189428A900E5AA79 /* Knight.cpp in Sources */ = {isa = PBXBuildFile; fileRef = 81421DF3189428A900E5AA79 /* Knight.cpp */; };
		BBAB23CB13894F3D00AA2426 /* GLUT.framework in CopyFiles */ = {isa = PBXBuildFile; fileRef = BBAB23BE13894E4700AA2426 /* GLUT.framework */; };
		E4328149138ABC9F0047C5CB /* openFrameworksDebug.a in Frameworks */ = {isa = PBXBuildFile; fileRef = E4328148138ABC890047C5CB /* openFrameworksDebug.a */; };
		E45BE97B0E8CC7DD009D7055 /* AGL.framework in Frameworks */ = {isa = PBXBuildFile; fileRef = E45BE9710E8CC7DD009D7055 /* AGL.framework */; };
		E45BE97C0E8CC7DD009D7055 /* ApplicationServices.framework in Frameworks */ = {isa = PBXBuildFile; fileRef = E45BE9720E8CC7DD009D7055 /* ApplicationServices.framework */; };
		E45BE97D0E8CC7DD009D7055 /* AudioToolbox.framework in Frameworks */ = {isa = PBXBuildFile; fileRef = E45BE9730E8CC7DD009D7055 /* AudioToolbox.framework */; };
		E45BE97E0E8CC7DD009D7055 /* Carbon.framework in Frameworks */ = {isa = PBXBuildFile; fileRef = E45BE9740E8CC7DD009D7055 /* Carbon.framework */; };
		E45BE97F0E8CC7DD009D7055 /* CoreAudio.framework in Frameworks */ = {isa = PBXBuildFile; fileRef = E45BE9750E8CC7DD009D7055 /* CoreAudio.framework */; };
		E45BE9800E8CC7DD009D7055 /* CoreFoundation.framework in Frameworks */ = {isa = PBXBuildFile; fileRef = E45BE9760E8CC7DD009D7055 /* CoreFoundation.framework */; };
		E45BE9810E8CC7DD009D7055 /* CoreServices.framework in Frameworks */ = {isa = PBXBuildFile; fileRef = E45BE9770E8CC7DD009D7055 /* CoreServices.framework */; };
		E45BE9830E8CC7DD009D7055 /* OpenGL.framework in Frameworks */ = {isa = PBXBuildFile; fileRef = E45BE9790E8CC7DD009D7055 /* OpenGL.framework */; };
		E45BE9840E8CC7DD009D7055 /* QuickTime.framework in Frameworks */ = {isa = PBXBuildFile; fileRef = E45BE97A0E8CC7DD009D7055 /* QuickTime.framework */; };
		E4C2424710CC5A17004149E2 /* AppKit.framework in Frameworks */ = {isa = PBXBuildFile; fileRef = E4C2424410CC5A17004149E2 /* AppKit.framework */; };
		E4C2424810CC5A17004149E2 /* Cocoa.framework in Frameworks */ = {isa = PBXBuildFile; fileRef = E4C2424510CC5A17004149E2 /* Cocoa.framework */; };
		E4C2424910CC5A17004149E2 /* IOKit.framework in Frameworks */ = {isa = PBXBuildFile; fileRef = E4C2424610CC5A17004149E2 /* IOKit.framework */; };
		E4EB6799138ADC1D00A09F29 /* GLUT.framework in Frameworks */ = {isa = PBXBuildFile; fileRef = BBAB23BE13894E4700AA2426 /* GLUT.framework */; };
		E7E077E515D3B63C0020DFD4 /* CoreVideo.framework in Frameworks */ = {isa = PBXBuildFile; fileRef = E7E077E415D3B63C0020DFD4 /* CoreVideo.framework */; };
		E7E077E815D3B6510020DFD4 /* QTKit.framework in Frameworks */ = {isa = PBXBuildFile; fileRef = E7E077E715D3B6510020DFD4 /* QTKit.framework */; };
		E7F985F815E0DEA3003869B5 /* Accelerate.framework in Frameworks */ = {isa = PBXBuildFile; fileRef = E7F985F515E0DE99003869B5 /* Accelerate.framework */; };
/* End PBXBuildFile section */

/* Begin PBXContainerItemProxy section */
		E4328147138ABC890047C5CB /* PBXContainerItemProxy */ = {
			isa = PBXContainerItemProxy;
			containerPortal = E4328143138ABC890047C5CB /* openFrameworksLib.xcodeproj */;
			proxyType = 2;
			remoteGlobalIDString = E4B27C1510CBEB8E00536013;
			remoteInfo = openFrameworks;
		};
		E4EEB9AB138B136A00A80321 /* PBXContainerItemProxy */ = {
			isa = PBXContainerItemProxy;
			containerPortal = E4328143138ABC890047C5CB /* openFrameworksLib.xcodeproj */;
			proxyType = 1;
			remoteGlobalIDString = E4B27C1410CBEB8E00536013;
			remoteInfo = openFrameworks;
		};
/* End PBXContainerItemProxy section */

/* Begin PBXCopyFilesBuildPhase section */
		E4C2427710CC5ABF004149E2 /* CopyFiles */ = {
			isa = PBXCopyFilesBuildPhase;
			buildActionMask = 2147483647;
			dstPath = "";
			dstSubfolderSpec = 10;
			files = (
				BBAB23CB13894F3D00AA2426 /* GLUT.framework in CopyFiles */,
			);
			runOnlyForDeploymentPostprocessing = 0;
		};
/* End PBXCopyFilesBuildPhase section */

/* Begin PBXFileReference section */
		81421D641893A91500E5AA79 /* ItsWorry.app */ = {isa = PBXFileReference; explicitFileType = wrapper.application; includeInIndex = 0; name = ItsWorry.app; path = /Users/nariakiiwatani/Works/GGJ2014/apps/myApps/ItsWorry/bin/ItsWorry.app; sourceTree = "<absolute>"; };
		81421D681893AA4A00E5AA79 /* ofxBaseGui.cpp */ = {isa = PBXFileReference; lastKnownFileType = sourcecode.cpp.cpp; path = ofxBaseGui.cpp; sourceTree = "<group>"; };
		81421D691893AA4A00E5AA79 /* ofxBaseGui.h */ = {isa = PBXFileReference; lastKnownFileType = sourcecode.c.h; path = ofxBaseGui.h; sourceTree = "<group>"; };
		81421D6A1893AA4A00E5AA79 /* ofxButton.cpp */ = {isa = PBXFileReference; lastKnownFileType = sourcecode.cpp.cpp; path = ofxButton.cpp; sourceTree = "<group>"; };
		81421D6B1893AA4A00E5AA79 /* ofxButton.h */ = {isa = PBXFileReference; lastKnownFileType = sourcecode.c.h; path = ofxButton.h; sourceTree = "<group>"; };
		81421D6C1893AA4A00E5AA79 /* ofxGui.h */ = {isa = PBXFileReference; lastKnownFileType = sourcecode.c.h; path = ofxGui.h; sourceTree = "<group>"; };
		81421D6D1893AA4A00E5AA79 /* ofxGuiGroup.cpp */ = {isa = PBXFileReference; lastKnownFileType = sourcecode.cpp.cpp; path = ofxGuiGroup.cpp; sourceTree = "<group>"; };
		81421D6E1893AA4A00E5AA79 /* ofxGuiGroup.h */ = {isa = PBXFileReference; lastKnownFileType = sourcecode.c.h; path = ofxGuiGroup.h; sourceTree = "<group>"; };
		81421D6F1893AA4A00E5AA79 /* ofxLabel.cpp */ = {isa = PBXFileReference; lastKnownFileType = sourcecode.cpp.cpp; path = ofxLabel.cpp; sourceTree = "<group>"; };
		81421D701893AA4A00E5AA79 /* ofxLabel.h */ = {isa = PBXFileReference; lastKnownFileType = sourcecode.c.h; path = ofxLabel.h; sourceTree = "<group>"; };
		81421D711893AA4A00E5AA79 /* ofxPanel.cpp */ = {isa = PBXFileReference; lastKnownFileType = sourcecode.cpp.cpp; path = ofxPanel.cpp; sourceTree = "<group>"; };
		81421D721893AA4A00E5AA79 /* ofxPanel.h */ = {isa = PBXFileReference; lastKnownFileType = sourcecode.c.h; path = ofxPanel.h; sourceTree = "<group>"; };
		81421D731893AA4A00E5AA79 /* ofxSlider.cpp */ = {isa = PBXFileReference; lastKnownFileType = sourcecode.cpp.cpp; path = ofxSlider.cpp; sourceTree = "<group>"; };
		81421D741893AA4A00E5AA79 /* ofxSlider.h */ = {isa = PBXFileReference; lastKnownFileType = sourcecode.c.h; path = ofxSlider.h; sourceTree = "<group>"; };
		81421D751893AA4A00E5AA79 /* ofxSliderGroup.cpp */ = {isa = PBXFileReference; lastKnownFileType = sourcecode.cpp.cpp; path = ofxSliderGroup.cpp; sourceTree = "<group>"; };
		81421D761893AA4A00E5AA79 /* ofxSliderGroup.h */ = {isa = PBXFileReference; lastKnownFileType = sourcecode.c.h; path = ofxSliderGroup.h; sourceTree = "<group>"; };
		81421D771893AA4A00E5AA79 /* ofxToggle.cpp */ = {isa = PBXFileReference; lastKnownFileType = sourcecode.cpp.cpp; path = ofxToggle.cpp; sourceTree = "<group>"; };
		81421D781893AA4A00E5AA79 /* ofxToggle.h */ = {isa = PBXFileReference; lastKnownFileType = sourcecode.c.h; path = ofxToggle.h; sourceTree = "<group>"; };
		81421D831893AA4C00E5AA79 /* ofxOsc.h */ = {isa = PBXFileReference; lastKnownFileType = sourcecode.c.h; path = ofxOsc.h; sourceTree = "<group>"; };
		81421D841893AA4C00E5AA79 /* ofxOscArg.h */ = {isa = PBXFileReference; lastKnownFileType = sourcecode.c.h; path = ofxOscArg.h; sourceTree = "<group>"; };
		81421D851893AA4C00E5AA79 /* ofxOscBundle.cpp */ = {isa = PBXFileReference; lastKnownFileType = sourcecode.cpp.cpp; path = ofxOscBundle.cpp; sourceTree = "<group>"; };
		81421D861893AA4C00E5AA79 /* ofxOscBundle.h */ = {isa = PBXFileReference; lastKnownFileType = sourcecode.c.h; path = ofxOscBundle.h; sourceTree = "<group>"; };
		81421D871893AA4C00E5AA79 /* ofxOscMessage.cpp */ = {isa = PBXFileReference; lastKnownFileType = sourcecode.cpp.cpp; path = ofxOscMessage.cpp; sourceTree = "<group>"; };
		81421D881893AA4C00E5AA79 /* ofxOscMessage.h */ = {isa = PBXFileReference; lastKnownFileType = sourcecode.c.h; path = ofxOscMessage.h; sourceTree = "<group>"; };
		81421D891893AA4C00E5AA79 /* ofxOscParameterSync.cpp */ = {isa = PBXFileReference; lastKnownFileType = sourcecode.cpp.cpp; path = ofxOscParameterSync.cpp; sourceTree = "<group>"; };
		81421D8A1893AA4C00E5AA79 /* ofxOscParameterSync.h */ = {isa = PBXFileReference; lastKnownFileType = sourcecode.c.h; path = ofxOscParameterSync.h; sourceTree = "<group>"; };
		81421D8B1893AA4C00E5AA79 /* ofxOscReceiver.cpp */ = {isa = PBXFileReference; lastKnownFileType = sourcecode.cpp.cpp; path = ofxOscReceiver.cpp; sourceTree = "<group>"; };
		81421D8C1893AA4C00E5AA79 /* ofxOscReceiver.h */ = {isa = PBXFileReference; lastKnownFileType = sourcecode.c.h; path = ofxOscReceiver.h; sourceTree = "<group>"; };
		81421D8D1893AA4C00E5AA79 /* ofxOscSender.cpp */ = {isa = PBXFileReference; lastKnownFileType = sourcecode.cpp.cpp; path = ofxOscSender.cpp; sourceTree = "<group>"; };
		81421D8E1893AA4C00E5AA79 /* ofxOscSender.h */ = {isa = PBXFileReference; lastKnownFileType = sourcecode.c.h; path = ofxOscSender.h; sourceTree = "<group>"; };
		81421D931893AA4C00E5AA79 /* IpEndpointName.cpp */ = {isa = PBXFileReference; lastKnownFileType = sourcecode.cpp.cpp; path = IpEndpointName.cpp; sourceTree = "<group>"; };
		81421D941893AA4C00E5AA79 /* IpEndpointName.h */ = {isa = PBXFileReference; lastKnownFileType = sourcecode.c.h; path = IpEndpointName.h; sourceTree = "<group>"; };
		81421D951893AA4C00E5AA79 /* NetworkingUtils.h */ = {isa = PBXFileReference; lastKnownFileType = sourcecode.c.h; path = NetworkingUtils.h; sourceTree = "<group>"; };
		81421D961893AA4C00E5AA79 /* PacketListener.h */ = {isa = PBXFileReference; lastKnownFileType = sourcecode.c.h; path = PacketListener.h; sourceTree = "<group>"; };
		81421D981893AA4C00E5AA79 /* NetworkingUtils.cpp */ = {isa = PBXFileReference; lastKnownFileType = sourcecode.cpp.cpp; path = NetworkingUtils.cpp; sourceTree = "<group>"; };
		81421D991893AA4C00E5AA79 /* UdpSocket.cpp */ = {isa = PBXFileReference; lastKnownFileType = sourcecode.cpp.cpp; path = UdpSocket.cpp; sourceTree = "<group>"; };
		81421D9A1893AA4C00E5AA79 /* TimerListener.h */ = {isa = PBXFileReference; lastKnownFileType = sourcecode.c.h; path = TimerListener.h; sourceTree = "<group>"; };
		81421D9B1893AA4C00E5AA79 /* UdpSocket.h */ = {isa = PBXFileReference; lastKnownFileType = sourcecode.c.h; path = UdpSocket.h; sourceTree = "<group>"; };
		81421DA01893AA4C00E5AA79 /* MessageMappingOscPacketListener.h */ = {isa = PBXFileReference; lastKnownFileType = sourcecode.c.h; path = MessageMappingOscPacketListener.h; sourceTree = "<group>"; };
		81421DA11893AA4C00E5AA79 /* OscException.h */ = {isa = PBXFileReference; lastKnownFileType = sourcecode.c.h; path = OscException.h; sourceTree = "<group>"; };
		81421DA21893AA4C00E5AA79 /* OscHostEndianness.h */ = {isa = PBXFileReference; lastKnownFileType = sourcecode.c.h; path = OscHostEndianness.h; sourceTree = "<group>"; };
		81421DA31893AA4C00E5AA79 /* OscOutboundPacketStream.cpp */ = {isa = PBXFileReference; lastKnownFileType = sourcecode.cpp.cpp; path = OscOutboundPacketStream.cpp; sourceTree = "<group>"; };
		81421DA41893AA4C00E5AA79 /* OscOutboundPacketStream.h */ = {isa = PBXFileReference; lastKnownFileType = sourcecode.c.h; path = OscOutboundPacketStream.h; sourceTree = "<group>"; };
		81421DA51893AA4C00E5AA79 /* OscPacketListener.h */ = {isa = PBXFileReference; lastKnownFileType = sourcecode.c.h; path = OscPacketListener.h; sourceTree = "<group>"; };
		81421DA61893AA4C00E5AA79 /* OscPrintReceivedElements.cpp */ = {isa = PBXFileReference; lastKnownFileType = sourcecode.cpp.cpp; path = OscPrintReceivedElements.cpp; sourceTree = "<group>"; };
		81421DA71893AA4C00E5AA79 /* OscPrintReceivedElements.h */ = {isa = PBXFileReference; lastKnownFileType = sourcecode.c.h; path = OscPrintReceivedElements.h; sourceTree = "<group>"; };
		81421DA81893AA4C00E5AA79 /* OscReceivedElements.cpp */ = {isa = PBXFileReference; lastKnownFileType = sourcecode.cpp.cpp; path = OscReceivedElements.cpp; sourceTree = "<group>"; };
		81421DA91893AA4C00E5AA79 /* OscReceivedElements.h */ = {isa = PBXFileReference; lastKnownFileType = sourcecode.c.h; path = OscReceivedElements.h; sourceTree = "<group>"; };
		81421DAA1893AA4C00E5AA79 /* OscTypes.cpp */ = {isa = PBXFileReference; lastKnownFileType = sourcecode.cpp.cpp; path = OscTypes.cpp; sourceTree = "<group>"; };
		81421DAB1893AA4C00E5AA79 /* OscTypes.h */ = {isa = PBXFileReference; lastKnownFileType = sourcecode.c.h; path = OscTypes.h; sourceTree = "<group>"; };
		81421DBA1893AA4E00E5AA79 /* ofxParamColorSlider.cpp */ = {isa = PBXFileReference; lastKnownFileType = sourcecode.cpp.cpp; path = ofxParamColorSlider.cpp; sourceTree = "<group>"; };
		81421DBB1893AA4E00E5AA79 /* ofxParamColorSlider.h */ = {isa = PBXFileReference; lastKnownFileType = sourcecode.c.h; path = ofxParamColorSlider.h; sourceTree = "<group>"; };
		81421DBC1893AA4E00E5AA79 /* ofxParamEdit.cpp */ = {isa = PBXFileReference; lastKnownFileType = sourcecode.cpp.cpp; path = ofxParamEdit.cpp; sourceTree = "<group>"; };
		81421DBD1893AA4E00E5AA79 /* ofxParamEdit.h */ = {isa = PBXFileReference; lastKnownFileType = sourcecode.c.h; path = ofxParamEdit.h; sourceTree = "<group>"; };
		81421DBE1893AA4E00E5AA79 /* ofxParamPanel.cpp */ = {isa = PBXFileReference; lastKnownFileType = sourcecode.cpp.cpp; path = ofxParamPanel.cpp; sourceTree = "<group>"; };
		81421DBF1893AA4E00E5AA79 /* ofxParamPanel.h */ = {isa = PBXFileReference; lastKnownFileType = sourcecode.c.h; path = ofxParamPanel.h; sourceTree = "<group>"; };
		81421DC01893AA4E00E5AA79 /* ofxParamSlider.cpp */ = {isa = PBXFileReference; lastKnownFileType = sourcecode.cpp.cpp; path = ofxParamSlider.cpp; sourceTree = "<group>"; };
		81421DC11893AA4E00E5AA79 /* ofxParamSlider.h */ = {isa = PBXFileReference; lastKnownFileType = sourcecode.c.h; path = ofxParamSlider.h; sourceTree = "<group>"; };
		81421DC21893AA4E00E5AA79 /* ofxParamToggle.cpp */ = {isa = PBXFileReference; lastKnownFileType = sourcecode.cpp.cpp; path = ofxParamToggle.cpp; sourceTree = "<group>"; };
		81421DC31893AA4E00E5AA79 /* ofxParamToggle.h */ = {isa = PBXFileReference; lastKnownFileType = sourcecode.c.h; path = ofxParamToggle.h; sourceTree = "<group>"; };
		81421DC41893AA4E00E5AA79 /* ofxParamVecSlider.cpp */ = {isa = PBXFileReference; lastKnownFileType = sourcecode.cpp.cpp; path = ofxParamVecSlider.cpp; sourceTree = "<group>"; };
		81421DC51893AA4E00E5AA79 /* ofxParamVecSlider.h */ = {isa = PBXFileReference; lastKnownFileType = sourcecode.c.h; path = ofxParamVecSlider.h; sourceTree = "<group>"; };
		81421DCE1893AA5100E5AA79 /* ofxTuio.h */ = {isa = PBXFileReference; lastKnownFileType = sourcecode.c.h; path = ofxTuio.h; sourceTree = "<group>"; };
		81421DCF1893AA5100E5AA79 /* ofxTuioClient.h */ = {isa = PBXFileReference; lastKnownFileType = sourcecode.c.h; path = ofxTuioClient.h; sourceTree = "<group>"; };
		81421DD01893AA5100E5AA79 /* ofxTuioContainer.h */ = {isa = PBXFileReference; lastKnownFileType = sourcecode.c.h; path = ofxTuioContainer.h; sourceTree = "<group>"; };
		81421DD11893AA5100E5AA79 /* ofxTuioCursor.h */ = {isa = PBXFileReference; lastKnownFileType = sourcecode.c.h; path = ofxTuioCursor.h; sourceTree = "<group>"; };
		81421DD21893AA5100E5AA79 /* ofxTuioObject.h */ = {isa = PBXFileReference; lastKnownFileType = sourcecode.c.h; path = ofxTuioObject.h; sourceTree = "<group>"; };
		81421DD31893AA5100E5AA79 /* ofxTuioPoint.h */ = {isa = PBXFileReference; lastKnownFileType = sourcecode.c.h; path = ofxTuioPoint.h; sourceTree = "<group>"; };
		81421DD41893AA6000E5AA79 /* Def.h */ = {isa = PBXFileReference; fileEncoding = 4; lastKnownFileType = sourcecode.c.h; path = Def.h; sourceTree = "<group>"; };
		81421DD51893AA6000E5AA79 /* ofApp.cpp */ = {isa = PBXFileReference; fileEncoding = 4; lastKnownFileType = sourcecode.cpp.cpp; path = ofApp.cpp; sourceTree = "<group>"; };
		81421DD61893AA6000E5AA79 /* ofApp.h */ = {isa = PBXFileReference; fileEncoding = 4; lastKnownFileType = sourcecode.c.h; path = ofApp.h; sourceTree = "<group>"; };
		81421DD91893ABA000E5AA79 /* main.cpp */ = {isa = PBXFileReference; fileEncoding = 4; lastKnownFileType = sourcecode.cpp.cpp; path = main.cpp; sourceTree = "<group>"; };
		81421DDB1893ACBD00E5AA79 /* Man.cpp */ = {isa = PBXFileReference; fileEncoding = 4; lastKnownFileType = sourcecode.cpp.cpp; path = Man.cpp; sourceTree = "<group>"; };
		81421DDC1893ACBD00E5AA79 /* Man.h */ = {isa = PBXFileReference; fileEncoding = 4; lastKnownFileType = sourcecode.c.h; path = Man.h; sourceTree = "<group>"; };
		81421DDE1893AD5100E5AA79 /* Board.cpp */ = {isa = PBXFileReference; fileEncoding = 4; lastKnownFileType = sourcecode.cpp.cpp; path = Board.cpp; sourceTree = "<group>"; };
		81421DDF1893AD5100E5AA79 /* Board.h */ = {isa = PBXFileReference; fileEncoding = 4; lastKnownFileType = sourcecode.c.h; path = Board.h; sourceTree = "<group>"; };
		81421DE11893AFD600E5AA79 /* Tuio.cpp */ = {isa = PBXFileReference; fileEncoding = 4; lastKnownFileType = sourcecode.cpp.cpp; path = Tuio.cpp; sourceTree = "<group>"; };
		81421DE21893AFD600E5AA79 /* Tuio.h */ = {isa = PBXFileReference; fileEncoding = 4; lastKnownFileType = sourcecode.c.h; path = Tuio.h; sourceTree = "<group>"; };
		81421DE418941EBA00E5AA79 /* Pawn.cpp */ = {isa = PBXFileReference; fileEncoding = 4; lastKnownFileType = sourcecode.cpp.cpp; path = Pawn.cpp; sourceTree = "<group>"; };
		81421DE518941EBA00E5AA79 /* Pawn.h */ = {isa = PBXFileReference; fileEncoding = 4; lastKnownFileType = sourcecode.c.h; path = Pawn.h; sourceTree = "<group>"; };
		81421DE718941F6900E5AA79 /* Rook.cpp */ = {isa = PBXFileReference; fileEncoding = 4; lastKnownFileType = sourcecode.cpp.cpp; path = Rook.cpp; sourceTree = "<group>"; };
		81421DE818941F6900E5AA79 /* Rook.h */ = {isa = PBXFileReference; fileEncoding = 4; lastKnownFileType = sourcecode.c.h; path = Rook.h; sourceTree = "<group>"; };
		81421DEA1894248800E5AA79 /* Bishop.cpp */ = {isa = PBXFileReference; fileEncoding = 4; lastKnownFileType = sourcecode.cpp.cpp; path = Bishop.cpp; sourceTree = "<group>"; };
		81421DEB1894248800E5AA79 /* Bishop.h */ = {isa = PBXFileReference; fileEncoding = 4; lastKnownFileType = sourcecode.c.h; path = Bishop.h; sourceTree = "<group>"; };
		81421DED189427B000E5AA79 /* Queen.cpp */ = {isa = PBXFileReference; fileEncoding = 4; lastKnownFileType = sourcecode.cpp.cpp; path = Queen.cpp; sourceTree = "<group>"; };
		81421DEE189427B000E5AA79 /* Queen.h */ = {isa = PBXFileReference; fileEncoding = 4; lastKnownFileType = sourcecode.c.h; path = Queen.h; sourceTree = "<group>"; };
		81421DF01894286000E5AA79 /* King.cpp */ = {isa = PBXFileReference; fileEncoding = 4; lastKnownFileType = sourcecode.cpp.cpp; path = King.cpp; sourceTree = "<group>"; };
		81421DF11894286000E5AA79 /* King.h */ = {isa = PBXFileReference; fileEncoding = 4; lastKnownFileType = sourcecode.c.h; path = King.h; sourceTree = "<group>"; };
		81421DF3189428A900E5AA79 /* Knight.cpp */ = {isa = PBXFileReference; fileEncoding = 4; lastKnownFileType = sourcecode.cpp.cpp; path = Knight.cpp; sourceTree = "<group>"; };
		81421DF4189428A900E5AA79 /* Knight.h */ = {isa = PBXFileReference; fileEncoding = 4; lastKnownFileType = sourcecode.c.h; path = Knight.h; sourceTree = "<group>"; };
		BBAB23BE13894E4700AA2426 /* GLUT.framework */ = {isa = PBXFileReference; lastKnownFileType = wrapper.framework; name = GLUT.framework; path = ../../../libs/glut/lib/osx/GLUT.framework; sourceTree = "<group>"; };
		E4328143138ABC890047C5CB /* openFrameworksLib.xcodeproj */ = {isa = PBXFileReference; lastKnownFileType = "wrapper.pb-project"; name = openFrameworksLib.xcodeproj; path = ../../../libs/openFrameworksCompiled/project/osx/openFrameworksLib.xcodeproj; sourceTree = SOURCE_ROOT; };
		E45BE9710E8CC7DD009D7055 /* AGL.framework */ = {isa = PBXFileReference; lastKnownFileType = wrapper.framework; name = AGL.framework; path = /System/Library/Frameworks/AGL.framework; sourceTree = "<absolute>"; };
		E45BE9720E8CC7DD009D7055 /* ApplicationServices.framework */ = {isa = PBXFileReference; lastKnownFileType = wrapper.framework; name = ApplicationServices.framework; path = /System/Library/Frameworks/ApplicationServices.framework; sourceTree = "<absolute>"; };
		E45BE9730E8CC7DD009D7055 /* AudioToolbox.framework */ = {isa = PBXFileReference; lastKnownFileType = wrapper.framework; name = AudioToolbox.framework; path = /System/Library/Frameworks/AudioToolbox.framework; sourceTree = "<absolute>"; };
		E45BE9740E8CC7DD009D7055 /* Carbon.framework */ = {isa = PBXFileReference; lastKnownFileType = wrapper.framework; name = Carbon.framework; path = /System/Library/Frameworks/Carbon.framework; sourceTree = "<absolute>"; };
		E45BE9750E8CC7DD009D7055 /* CoreAudio.framework */ = {isa = PBXFileReference; lastKnownFileType = wrapper.framework; name = CoreAudio.framework; path = /System/Library/Frameworks/CoreAudio.framework; sourceTree = "<absolute>"; };
		E45BE9760E8CC7DD009D7055 /* CoreFoundation.framework */ = {isa = PBXFileReference; lastKnownFileType = wrapper.framework; name = CoreFoundation.framework; path = /System/Library/Frameworks/CoreFoundation.framework; sourceTree = "<absolute>"; };
		E45BE9770E8CC7DD009D7055 /* CoreServices.framework */ = {isa = PBXFileReference; lastKnownFileType = wrapper.framework; name = CoreServices.framework; path = /System/Library/Frameworks/CoreServices.framework; sourceTree = "<absolute>"; };
		E45BE9790E8CC7DD009D7055 /* OpenGL.framework */ = {isa = PBXFileReference; lastKnownFileType = wrapper.framework; name = OpenGL.framework; path = /System/Library/Frameworks/OpenGL.framework; sourceTree = "<absolute>"; };
		E45BE97A0E8CC7DD009D7055 /* QuickTime.framework */ = {isa = PBXFileReference; lastKnownFileType = wrapper.framework; name = QuickTime.framework; path = /System/Library/Frameworks/QuickTime.framework; sourceTree = "<absolute>"; };
		E4B6FCAD0C3E899E008CF71C /* openFrameworks-Info.plist */ = {isa = PBXFileReference; fileEncoding = 30; lastKnownFileType = text.plist.xml; path = "openFrameworks-Info.plist"; sourceTree = "<group>"; };
		E4C2424410CC5A17004149E2 /* AppKit.framework */ = {isa = PBXFileReference; lastKnownFileType = wrapper.framework; name = AppKit.framework; path = /System/Library/Frameworks/AppKit.framework; sourceTree = "<absolute>"; };
		E4C2424510CC5A17004149E2 /* Cocoa.framework */ = {isa = PBXFileReference; lastKnownFileType = wrapper.framework; name = Cocoa.framework; path = /System/Library/Frameworks/Cocoa.framework; sourceTree = "<absolute>"; };
		E4C2424610CC5A17004149E2 /* IOKit.framework */ = {isa = PBXFileReference; lastKnownFileType = wrapper.framework; name = IOKit.framework; path = /System/Library/Frameworks/IOKit.framework; sourceTree = "<absolute>"; };
		E4EB691F138AFCF100A09F29 /* CoreOF.xcconfig */ = {isa = PBXFileReference; fileEncoding = 4; lastKnownFileType = text.xcconfig; name = CoreOF.xcconfig; path = ../../../libs/openFrameworksCompiled/project/osx/CoreOF.xcconfig; sourceTree = SOURCE_ROOT; };
		E4EB6923138AFD0F00A09F29 /* Project.xcconfig */ = {isa = PBXFileReference; fileEncoding = 4; lastKnownFileType = text.xcconfig; path = Project.xcconfig; sourceTree = "<group>"; };
		E7E077E415D3B63C0020DFD4 /* CoreVideo.framework */ = {isa = PBXFileReference; lastKnownFileType = wrapper.framework; name = CoreVideo.framework; path = /System/Library/Frameworks/CoreVideo.framework; sourceTree = "<absolute>"; };
		E7E077E715D3B6510020DFD4 /* QTKit.framework */ = {isa = PBXFileReference; lastKnownFileType = wrapper.framework; name = QTKit.framework; path = /System/Library/Frameworks/QTKit.framework; sourceTree = "<absolute>"; };
		E7F985F515E0DE99003869B5 /* Accelerate.framework */ = {isa = PBXFileReference; lastKnownFileType = wrapper.framework; name = Accelerate.framework; path = /System/Library/Frameworks/Accelerate.framework; sourceTree = "<absolute>"; };
/* End PBXFileReference section */

/* Begin PBXFrameworksBuildPhase section */
		E4B69B590A3A1756003C02F2 /* Frameworks */ = {
			isa = PBXFrameworksBuildPhase;
			buildActionMask = 2147483647;
			files = (
				E7F985F815E0DEA3003869B5 /* Accelerate.framework in Frameworks */,
				E7E077E815D3B6510020DFD4 /* QTKit.framework in Frameworks */,
				E4EB6799138ADC1D00A09F29 /* GLUT.framework in Frameworks */,
				E4328149138ABC9F0047C5CB /* openFrameworksDebug.a in Frameworks */,
				E45BE97B0E8CC7DD009D7055 /* AGL.framework in Frameworks */,
				E45BE97C0E8CC7DD009D7055 /* ApplicationServices.framework in Frameworks */,
				E45BE97D0E8CC7DD009D7055 /* AudioToolbox.framework in Frameworks */,
				E45BE97E0E8CC7DD009D7055 /* Carbon.framework in Frameworks */,
				E45BE97F0E8CC7DD009D7055 /* CoreAudio.framework in Frameworks */,
				E45BE9800E8CC7DD009D7055 /* CoreFoundation.framework in Frameworks */,
				E45BE9810E8CC7DD009D7055 /* CoreServices.framework in Frameworks */,
				E45BE9830E8CC7DD009D7055 /* OpenGL.framework in Frameworks */,
				E45BE9840E8CC7DD009D7055 /* QuickTime.framework in Frameworks */,
				E4C2424710CC5A17004149E2 /* AppKit.framework in Frameworks */,
				E4C2424810CC5A17004149E2 /* Cocoa.framework in Frameworks */,
				E4C2424910CC5A17004149E2 /* IOKit.framework in Frameworks */,
				E7E077E515D3B63C0020DFD4 /* CoreVideo.framework in Frameworks */,
			);
			runOnlyForDeploymentPostprocessing = 0;
		};
/* End PBXFrameworksBuildPhase section */

/* Begin PBXGroup section */
		81421D661893AA4A00E5AA79 /* ofxGui */ = {
			isa = PBXGroup;
			children = (
				81421D671893AA4A00E5AA79 /* src */,
			);
			name = ofxGui;
			sourceTree = "<group>";
		};
		81421D671893AA4A00E5AA79 /* src */ = {
			isa = PBXGroup;
			children = (
				81421D681893AA4A00E5AA79 /* ofxBaseGui.cpp */,
				81421D691893AA4A00E5AA79 /* ofxBaseGui.h */,
				81421D6A1893AA4A00E5AA79 /* ofxButton.cpp */,
				81421D6B1893AA4A00E5AA79 /* ofxButton.h */,
				81421D6C1893AA4A00E5AA79 /* ofxGui.h */,
				81421D6D1893AA4A00E5AA79 /* ofxGuiGroup.cpp */,
				81421D6E1893AA4A00E5AA79 /* ofxGuiGroup.h */,
				81421D6F1893AA4A00E5AA79 /* ofxLabel.cpp */,
				81421D701893AA4A00E5AA79 /* ofxLabel.h */,
				81421D711893AA4A00E5AA79 /* ofxPanel.cpp */,
				81421D721893AA4A00E5AA79 /* ofxPanel.h */,
				81421D731893AA4A00E5AA79 /* ofxSlider.cpp */,
				81421D741893AA4A00E5AA79 /* ofxSlider.h */,
				81421D751893AA4A00E5AA79 /* ofxSliderGroup.cpp */,
				81421D761893AA4A00E5AA79 /* ofxSliderGroup.h */,
				81421D771893AA4A00E5AA79 /* ofxToggle.cpp */,
				81421D781893AA4A00E5AA79 /* ofxToggle.h */,
			);
			name = src;
			path = ../../../addons/ofxGui/src;
			sourceTree = "<group>";
		};
		81421D811893AA4C00E5AA79 /* ofxOsc */ = {
			isa = PBXGroup;
			children = (
				81421D821893AA4C00E5AA79 /* src */,
				81421D8F1893AA4C00E5AA79 /* libs */,
			);
			name = ofxOsc;
			sourceTree = "<group>";
		};
		81421D821893AA4C00E5AA79 /* src */ = {
			isa = PBXGroup;
			children = (
				81421D831893AA4C00E5AA79 /* ofxOsc.h */,
				81421D841893AA4C00E5AA79 /* ofxOscArg.h */,
				81421D851893AA4C00E5AA79 /* ofxOscBundle.cpp */,
				81421D861893AA4C00E5AA79 /* ofxOscBundle.h */,
				81421D871893AA4C00E5AA79 /* ofxOscMessage.cpp */,
				81421D881893AA4C00E5AA79 /* ofxOscMessage.h */,
				81421D891893AA4C00E5AA79 /* ofxOscParameterSync.cpp */,
				81421D8A1893AA4C00E5AA79 /* ofxOscParameterSync.h */,
				81421D8B1893AA4C00E5AA79 /* ofxOscReceiver.cpp */,
				81421D8C1893AA4C00E5AA79 /* ofxOscReceiver.h */,
				81421D8D1893AA4C00E5AA79 /* ofxOscSender.cpp */,
				81421D8E1893AA4C00E5AA79 /* ofxOscSender.h */,
			);
			name = src;
			path = ../../../addons/ofxOsc/src;
			sourceTree = "<group>";
		};
		81421D8F1893AA4C00E5AA79 /* libs */ = {
			isa = PBXGroup;
			children = (
				81421D901893AA4C00E5AA79 /* oscpack */,
			);
			name = libs;
			path = ../../../addons/ofxOsc/libs;
			sourceTree = "<group>";
		};
		81421D901893AA4C00E5AA79 /* oscpack */ = {
			isa = PBXGroup;
			children = (
				81421D911893AA4C00E5AA79 /* src */,
			);
			path = oscpack;
			sourceTree = "<group>";
		};
		81421D911893AA4C00E5AA79 /* src */ = {
			isa = PBXGroup;
			children = (
				81421D921893AA4C00E5AA79 /* ip */,
				81421D9F1893AA4C00E5AA79 /* osc */,
			);
			path = src;
			sourceTree = "<group>";
		};
		81421D921893AA4C00E5AA79 /* ip */ = {
			isa = PBXGroup;
			children = (
				81421D931893AA4C00E5AA79 /* IpEndpointName.cpp */,
				81421D941893AA4C00E5AA79 /* IpEndpointName.h */,
				81421D951893AA4C00E5AA79 /* NetworkingUtils.h */,
				81421D961893AA4C00E5AA79 /* PacketListener.h */,
				81421D971893AA4C00E5AA79 /* posix */,
				81421D9A1893AA4C00E5AA79 /* TimerListener.h */,
				81421D9B1893AA4C00E5AA79 /* UdpSocket.h */,
			);
			path = ip;
			sourceTree = "<group>";
		};
		81421D971893AA4C00E5AA79 /* posix */ = {
			isa = PBXGroup;
			children = (
				81421D981893AA4C00E5AA79 /* NetworkingUtils.cpp */,
				81421D991893AA4C00E5AA79 /* UdpSocket.cpp */,
			);
			path = posix;
			sourceTree = "<group>";
		};
		81421D9F1893AA4C00E5AA79 /* osc */ = {
			isa = PBXGroup;
			children = (
				81421DA01893AA4C00E5AA79 /* MessageMappingOscPacketListener.h */,
				81421DA11893AA4C00E5AA79 /* OscException.h */,
				81421DA21893AA4C00E5AA79 /* OscHostEndianness.h */,
				81421DA31893AA4C00E5AA79 /* OscOutboundPacketStream.cpp */,
				81421DA41893AA4C00E5AA79 /* OscOutboundPacketStream.h */,
				81421DA51893AA4C00E5AA79 /* OscPacketListener.h */,
				81421DA61893AA4C00E5AA79 /* OscPrintReceivedElements.cpp */,
				81421DA71893AA4C00E5AA79 /* OscPrintReceivedElements.h */,
				81421DA81893AA4C00E5AA79 /* OscReceivedElements.cpp */,
				81421DA91893AA4C00E5AA79 /* OscReceivedElements.h */,
				81421DAA1893AA4C00E5AA79 /* OscTypes.cpp */,
				81421DAB1893AA4C00E5AA79 /* OscTypes.h */,
			);
			path = osc;
			sourceTree = "<group>";
		};
		81421DB81893AA4E00E5AA79 /* ofxParamEdit */ = {
			isa = PBXGroup;
			children = (
				81421DB91893AA4E00E5AA79 /* src */,
			);
			name = ofxParamEdit;
			sourceTree = "<group>";
		};
		81421DB91893AA4E00E5AA79 /* src */ = {
			isa = PBXGroup;
			children = (
				81421DBA1893AA4E00E5AA79 /* ofxParamColorSlider.cpp */,
				81421DBB1893AA4E00E5AA79 /* ofxParamColorSlider.h */,
				81421DBC1893AA4E00E5AA79 /* ofxParamEdit.cpp */,
				81421DBD1893AA4E00E5AA79 /* ofxParamEdit.h */,
				81421DBE1893AA4E00E5AA79 /* ofxParamPanel.cpp */,
				81421DBF1893AA4E00E5AA79 /* ofxParamPanel.h */,
				81421DC01893AA4E00E5AA79 /* ofxParamSlider.cpp */,
				81421DC11893AA4E00E5AA79 /* ofxParamSlider.h */,
				81421DC21893AA4E00E5AA79 /* ofxParamToggle.cpp */,
				81421DC31893AA4E00E5AA79 /* ofxParamToggle.h */,
				81421DC41893AA4E00E5AA79 /* ofxParamVecSlider.cpp */,
				81421DC51893AA4E00E5AA79 /* ofxParamVecSlider.h */,
			);
			name = src;
			path = ../../../addons/ofxParamEdit/src;
			sourceTree = "<group>";
		};
		81421DCC1893AA5100E5AA79 /* ofxTuio */ = {
			isa = PBXGroup;
			children = (
				81421DCD1893AA5100E5AA79 /* src */,
			);
			name = ofxTuio;
			sourceTree = "<group>";
		};
		81421DCD1893AA5100E5AA79 /* src */ = {
			isa = PBXGroup;
			children = (
				81421DCE1893AA5100E5AA79 /* ofxTuio.h */,
				81421DCF1893AA5100E5AA79 /* ofxTuioClient.h */,
				81421DD01893AA5100E5AA79 /* ofxTuioContainer.h */,
				81421DD11893AA5100E5AA79 /* ofxTuioCursor.h */,
				81421DD21893AA5100E5AA79 /* ofxTuioObject.h */,
				81421DD31893AA5100E5AA79 /* ofxTuioPoint.h */,
			);
			name = src;
			path = ../../../addons/ofxTuio/src;
			sourceTree = "<group>";
		};
		BB4B014C10F69532006C3DED /* addons */ = {
			isa = PBXGroup;
			children = (
				81421DCC1893AA5100E5AA79 /* ofxTuio */,
				81421DB81893AA4E00E5AA79 /* ofxParamEdit */,
				81421D811893AA4C00E5AA79 /* ofxOsc */,
				81421D661893AA4A00E5AA79 /* ofxGui */,
			);
			name = addons;
			sourceTree = "<group>";
		};
		BBAB23C913894ECA00AA2426 /* system frameworks */ = {
			isa = PBXGroup;
			children = (
				E7F985F515E0DE99003869B5 /* Accelerate.framework */,
				E4C2424410CC5A17004149E2 /* AppKit.framework */,
				E4C2424510CC5A17004149E2 /* Cocoa.framework */,
				E4C2424610CC5A17004149E2 /* IOKit.framework */,
				E45BE9710E8CC7DD009D7055 /* AGL.framework */,
				E45BE9720E8CC7DD009D7055 /* ApplicationServices.framework */,
				E45BE9730E8CC7DD009D7055 /* AudioToolbox.framework */,
				E45BE9740E8CC7DD009D7055 /* Carbon.framework */,
				E45BE9750E8CC7DD009D7055 /* CoreAudio.framework */,
				E45BE9760E8CC7DD009D7055 /* CoreFoundation.framework */,
				E45BE9770E8CC7DD009D7055 /* CoreServices.framework */,
				E45BE9790E8CC7DD009D7055 /* OpenGL.framework */,
				E45BE97A0E8CC7DD009D7055 /* QuickTime.framework */,
				E7E077E415D3B63C0020DFD4 /* CoreVideo.framework */,
				E7E077E715D3B6510020DFD4 /* QTKit.framework */,
			);
			name = "system frameworks";
			sourceTree = "<group>";
		};
		BBAB23CA13894EDB00AA2426 /* 3rd party frameworks */ = {
			isa = PBXGroup;
			children = (
				BBAB23BE13894E4700AA2426 /* GLUT.framework */,
			);
			name = "3rd party frameworks";
			sourceTree = "<group>";
		};
		E4328144138ABC890047C5CB /* Products */ = {
			isa = PBXGroup;
			children = (
				E4328148138ABC890047C5CB /* openFrameworksDebug.a */,
			);
			name = Products;
			sourceTree = "<group>";
		};
		E45BE5980E8CC70C009D7055 /* frameworks */ = {
			isa = PBXGroup;
			children = (
				BBAB23CA13894EDB00AA2426 /* 3rd party frameworks */,
				BBAB23C913894ECA00AA2426 /* system frameworks */,
			);
			name = frameworks;
			sourceTree = "<group>";
		};
		E4B69B4A0A3A1720003C02F2 = {
			isa = PBXGroup;
			children = (
				E4B6FCAD0C3E899E008CF71C /* openFrameworks-Info.plist */,
				E4EB6923138AFD0F00A09F29 /* Project.xcconfig */,
				E4B69E1C0A3A1BDC003C02F2 /* src */,
				E4EEC9E9138DF44700A80321 /* openFrameworks */,
				BB4B014C10F69532006C3DED /* addons */,
				E45BE5980E8CC70C009D7055 /* frameworks */,
			);
			sourceTree = "<group>";
		};
		E4B69E1C0A3A1BDC003C02F2 /* src */ = {
			isa = PBXGroup;
			children = (
				81421DF3189428A900E5AA79 /* Knight.cpp */,
				81421DF4189428A900E5AA79 /* Knight.h */,
				81421DF01894286000E5AA79 /* King.cpp */,
				81421DF11894286000E5AA79 /* King.h */,
				81421DED189427B000E5AA79 /* Queen.cpp */,
				81421DEE189427B000E5AA79 /* Queen.h */,
				81421DEA1894248800E5AA79 /* Bishop.cpp */,
				81421DEB1894248800E5AA79 /* Bishop.h */,
				81421DE718941F6900E5AA79 /* Rook.cpp */,
				81421DE818941F6900E5AA79 /* Rook.h */,
				81421DD91893ABA000E5AA79 /* main.cpp */,
				81421DD41893AA6000E5AA79 /* Def.h */,
				81421DD51893AA6000E5AA79 /* ofApp.cpp */,
				81421DD61893AA6000E5AA79 /* ofApp.h */,
				81421DDB1893ACBD00E5AA79 /* Man.cpp */,
				81421DDC1893ACBD00E5AA79 /* Man.h */,
				81421DE418941EBA00E5AA79 /* Pawn.cpp */,
				81421DE518941EBA00E5AA79 /* Pawn.h */,
				81421DDE1893AD5100E5AA79 /* Board.cpp */,
				81421DDF1893AD5100E5AA79 /* Board.h */,
				81421DE11893AFD600E5AA79 /* Tuio.cpp */,
				81421DE21893AFD600E5AA79 /* Tuio.h */,
			);
			path = src;
			sourceTree = SOURCE_ROOT;
		};
		E4EEC9E9138DF44700A80321 /* openFrameworks */ = {
			isa = PBXGroup;
			children = (
				E4EB691F138AFCF100A09F29 /* CoreOF.xcconfig */,
				E4328143138ABC890047C5CB /* openFrameworksLib.xcodeproj */,
			);
			name = openFrameworks;
			sourceTree = "<group>";
		};
/* End PBXGroup section */

/* Begin PBXNativeTarget section */
		E4B69B5A0A3A1756003C02F2 /* ItsWorry */ = {
			isa = PBXNativeTarget;
			buildConfigurationList = E4B69B5F0A3A1757003C02F2 /* Build configuration list for PBXNativeTarget "ItsWorry" */;
			buildPhases = (
				E4B69B580A3A1756003C02F2 /* Sources */,
				E4B69B590A3A1756003C02F2 /* Frameworks */,
				E4B6FFFD0C3F9AB9008CF71C /* ShellScript */,
				E4C2427710CC5ABF004149E2 /* CopyFiles */,
			);
			buildRules = (
			);
			dependencies = (
				E4EEB9AC138B136A00A80321 /* PBXTargetDependency */,
			);
			name = ItsWorry;
			productName = myOFApp;
			productReference = 81421D641893A91500E5AA79 /* ItsWorry.app */;
			productType = "com.apple.product-type.application";
		};
/* End PBXNativeTarget section */

/* Begin PBXProject section */
		E4B69B4C0A3A1720003C02F2 /* Project object */ = {
			isa = PBXProject;
			attributes = {
				LastUpgradeCheck = 0460;
			};
			buildConfigurationList = E4B69B4D0A3A1720003C02F2 /* Build configuration list for PBXProject "ItsWorry" */;
			compatibilityVersion = "Xcode 3.2";
			developmentRegion = English;
			hasScannedForEncodings = 0;
			knownRegions = (
				English,
				Japanese,
				French,
				German,
			);
			mainGroup = E4B69B4A0A3A1720003C02F2;
			productRefGroup = E4B69B4A0A3A1720003C02F2;
			projectDirPath = "";
			projectReferences = (
				{
					ProductGroup = E4328144138ABC890047C5CB /* Products */;
					ProjectRef = E4328143138ABC890047C5CB /* openFrameworksLib.xcodeproj */;
				},
			);
			projectRoot = "";
			targets = (
				E4B69B5A0A3A1756003C02F2 /* ItsWorry */,
			);
		};
/* End PBXProject section */

/* Begin PBXReferenceProxy section */
		E4328148138ABC890047C5CB /* openFrameworksDebug.a */ = {
			isa = PBXReferenceProxy;
			fileType = archive.ar;
			path = openFrameworksDebug.a;
			remoteRef = E4328147138ABC890047C5CB /* PBXContainerItemProxy */;
			sourceTree = BUILT_PRODUCTS_DIR;
		};
/* End PBXReferenceProxy section */

/* Begin PBXShellScriptBuildPhase section */
		E4B6FFFD0C3F9AB9008CF71C /* ShellScript */ = {
			isa = PBXShellScriptBuildPhase;
			buildActionMask = 2147483647;
			files = (
			);
			inputPaths = (
			);
			outputPaths = (
			);
			runOnlyForDeploymentPostprocessing = 0;
			shellPath = /bin/sh;
			shellScript = "cp -f ../../../libs/fmodex/lib/osx/libfmodex.dylib \"$TARGET_BUILD_DIR/$PRODUCT_NAME.app/Contents/MacOS/libfmodex.dylib\"; install_name_tool -change ./libfmodex.dylib @executable_path/libfmodex.dylib \"$TARGET_BUILD_DIR/$PRODUCT_NAME.app/Contents/MacOS/$PRODUCT_NAME\";\nmkdir -p \"$TARGET_BUILD_DIR/$PRODUCT_NAME.app/Contents/Resources/\"\ncp -f \"$ICON_FILE\" \"$TARGET_BUILD_DIR/$PRODUCT_NAME.app/Contents/Resources/\"\n";
		};
/* End PBXShellScriptBuildPhase section */

/* Begin PBXSourcesBuildPhase section */
		E4B69B580A3A1756003C02F2 /* Sources */ = {
			isa = PBXSourcesBuildPhase;
			buildActionMask = 2147483647;
			files = (
				81421DC81893AA4E00E5AA79 /* ofxParamPanel.cpp in Sources */,
				81421DB31893AA4C00E5AA79 /* UdpSocket.cpp in Sources */,
				81421DAC1893AA4C00E5AA79 /* ofxOscBundle.cpp in Sources */,
				81421DB61893AA4C00E5AA79 /* OscReceivedElements.cpp in Sources */,
				81421DC71893AA4E00E5AA79 /* ofxParamEdit.cpp in Sources */,
				81421DCB1893AA4E00E5AA79 /* ofxParamVecSlider.cpp in Sources */,
				81421D791893AA4A00E5AA79 /* ofxBaseGui.cpp in Sources */,
				81421DD71893AA6000E5AA79 /* ofApp.cpp in Sources */,
				81421DB11893AA4C00E5AA79 /* IpEndpointName.cpp in Sources */,
				81421DB01893AA4C00E5AA79 /* ofxOscSender.cpp in Sources */,
				81421DB51893AA4C00E5AA79 /* OscPrintReceivedElements.cpp in Sources */,
				81421DCA1893AA4E00E5AA79 /* ofxParamToggle.cpp in Sources */,
				81421DE918941F6900E5AA79 /* Rook.cpp in Sources */,
				81421DB71893AA4C00E5AA79 /* OscTypes.cpp in Sources */,
				81421DAE1893AA4C00E5AA79 /* ofxOscParameterSync.cpp in Sources */,
				81421D7B1893AA4A00E5AA79 /* ofxGuiGroup.cpp in Sources */,
				81421DEC1894248800E5AA79 /* Bishop.cpp in Sources */,
				81421DE618941EBA00E5AA79 /* Pawn.cpp in Sources */,
				81421DF21894286000E5AA79 /* King.cpp in Sources */,
				81421DB21893AA4C00E5AA79 /* NetworkingUtils.cpp in Sources */,
				81421DAD1893AA4C00E5AA79 /* ofxOscMessage.cpp in Sources */,
				81421DF5189428A900E5AA79 /* Knight.cpp in Sources */,
				81421DEF189427B000E5AA79 /* Queen.cpp in Sources */,
				81421D7F1893AA4A00E5AA79 /* ofxSliderGroup.cpp in Sources */,
				81421DE31893AFD600E5AA79 /* Tuio.cpp in Sources */,
				81421DE01893AD5100E5AA79 /* Board.cpp in Sources */,
				81421DDA1893ABA000E5AA79 /* main.cpp in Sources */,
				81421D7C1893AA4A00E5AA79 /* ofxLabel.cpp in Sources */,
				81421D7D1893AA4A00E5AA79 /* ofxPanel.cpp in Sources */,
				81421DC61893AA4E00E5AA79 /* ofxParamColorSlider.cpp in Sources */,
				81421D801893AA4A00E5AA79 /* ofxToggle.cpp in Sources */,
				81421D7E1893AA4A00E5AA79 /* ofxSlider.cpp in Sources */,
				81421DDD1893ACBD00E5AA79 /* Man.cpp in Sources */,
				81421DC91893AA4E00E5AA79 /* ofxParamSlider.cpp in Sources */,
				81421DAF1893AA4C00E5AA79 /* ofxOscReceiver.cpp in Sources */,
				81421D7A1893AA4A00E5AA79 /* ofxButton.cpp in Sources */,
				81421DB41893AA4C00E5AA79 /* OscOutboundPacketStream.cpp in Sources */,
			);
			runOnlyForDeploymentPostprocessing = 0;
		};
/* End PBXSourcesBuildPhase section */

/* Begin PBXTargetDependency section */
		E4EEB9AC138B136A00A80321 /* PBXTargetDependency */ = {
			isa = PBXTargetDependency;
			name = openFrameworks;
			targetProxy = E4EEB9AB138B136A00A80321 /* PBXContainerItemProxy */;
		};
/* End PBXTargetDependency section */

/* Begin XCBuildConfiguration section */
		E4B69B4E0A3A1720003C02F2 /* Debug */ = {
			isa = XCBuildConfiguration;
			baseConfigurationReference = E4EB6923138AFD0F00A09F29 /* Project.xcconfig */;
			buildSettings = {
				ARCHS = "$(NATIVE_ARCH)";
				CONFIGURATION_BUILD_DIR = "$(SRCROOT)/bin/";
				COPY_PHASE_STRIP = NO;
				DEAD_CODE_STRIPPING = YES;
				GCC_AUTO_VECTORIZATION = YES;
				GCC_ENABLE_SSE3_EXTENSIONS = YES;
				GCC_ENABLE_SUPPLEMENTAL_SSE3_INSTRUCTIONS = YES;
				GCC_INLINES_ARE_PRIVATE_EXTERN = NO;
				GCC_OPTIMIZATION_LEVEL = 0;
				GCC_SYMBOLS_PRIVATE_EXTERN = NO;
				GCC_WARN_ABOUT_DEPRECATED_FUNCTIONS = YES;
				GCC_WARN_ABOUT_INVALID_OFFSETOF_MACRO = NO;
				GCC_WARN_ALLOW_INCOMPLETE_PROTOCOL = NO;
				GCC_WARN_UNINITIALIZED_AUTOS = NO;
				GCC_WARN_UNUSED_VALUE = NO;
				GCC_WARN_UNUSED_VARIABLE = NO;
				HEADER_SEARCH_PATHS = (
					"$(OF_CORE_HEADERS)",
					../../../addons/ofxGui/libs,
					../../../addons/ofxGui/src,
					../../../addons/ofxOsc/libs,
					../../../addons/ofxOsc/libs/oscpack,
					../../../addons/ofxOsc/libs/oscpack/src,
					../../../addons/ofxOsc/libs/oscpack/src/ip,
					../../../addons/ofxOsc/libs/oscpack/src/ip/posix,
					../../../addons/ofxOsc/libs/oscpack/src/ip/win32,
					../../../addons/ofxOsc/libs/oscpack/src/osc,
					../../../addons/ofxOsc/src,
					../../../addons/ofxParamEdit/libs,
					../../../addons/ofxParamEdit/src,
					../../../addons/ofxSyphon/libs,
					../../../addons/ofxSyphon/libs/Syphon,
					../../../addons/ofxSyphon/libs/Syphon/lib,
					../../../addons/ofxSyphon/libs/Syphon/lib/osx,
					../../../addons/ofxSyphon/libs/Syphon/lib/osx/Syphon.framework,
					../../../addons/ofxSyphon/libs/Syphon/lib/osx/Syphon.framework/Headers,
					../../../addons/ofxSyphon/libs/Syphon/lib/osx/Syphon.framework/Resources,
					../../../addons/ofxSyphon/libs/Syphon/lib/osx/Syphon.framework/Resources/English.lproj,
					../../../addons/ofxSyphon/libs/Syphon/lib/osx/Syphon.framework/Versions,
					../../../addons/ofxSyphon/libs/Syphon/lib/osx/Syphon.framework/Versions/A,
					../../../addons/ofxSyphon/libs/Syphon/lib/osx/Syphon.framework/Versions/A/Headers,
					../../../addons/ofxSyphon/libs/Syphon/lib/osx/Syphon.framework/Versions/A/Resources,
					../../../addons/ofxSyphon/libs/Syphon/lib/osx/Syphon.framework/Versions/A/Resources/English.lproj,
					../../../addons/ofxSyphon/libs/Syphon/lib/osx/Syphon.framework/Versions/Current,
					../../../addons/ofxSyphon/libs/Syphon/lib/osx/Syphon.framework/Versions/Current/Headers,
					../../../addons/ofxSyphon/libs/Syphon/lib/osx/Syphon.framework/Versions/Current/Resources,
					../../../addons/ofxSyphon/libs/Syphon/lib/osx/Syphon.framework/Versions/Current/Resources/English.lproj,
					../../../addons/ofxSyphon/libs/Syphon/src,
					../../../addons/ofxSyphon/src,
					src,
				);
				MACOSX_DEPLOYMENT_TARGET = 10.6;
				OTHER_CPLUSPLUSFLAGS = (
					"-D__MACOSX_CORE__",
					"-lpthread",
					"-mtune=native",
				);
				SDKROOT = macosx;
			};
			name = Debug;
		};
		E4B69B4F0A3A1720003C02F2 /* Release */ = {
			isa = XCBuildConfiguration;
			baseConfigurationReference = E4EB6923138AFD0F00A09F29 /* Project.xcconfig */;
			buildSettings = {
				ARCHS = "$(NATIVE_ARCH)";
				CONFIGURATION_BUILD_DIR = "$(SRCROOT)/bin/";
				COPY_PHASE_STRIP = YES;
				DEAD_CODE_STRIPPING = YES;
				GCC_AUTO_VECTORIZATION = YES;
				GCC_ENABLE_SSE3_EXTENSIONS = YES;
				GCC_ENABLE_SUPPLEMENTAL_SSE3_INSTRUCTIONS = YES;
				GCC_INLINES_ARE_PRIVATE_EXTERN = NO;
				GCC_OPTIMIZATION_LEVEL = 3;
				GCC_SYMBOLS_PRIVATE_EXTERN = NO;
				GCC_UNROLL_LOOPS = YES;
				GCC_WARN_ABOUT_DEPRECATED_FUNCTIONS = YES;
				GCC_WARN_ABOUT_INVALID_OFFSETOF_MACRO = NO;
				GCC_WARN_ALLOW_INCOMPLETE_PROTOCOL = NO;
				GCC_WARN_UNINITIALIZED_AUTOS = NO;
				GCC_WARN_UNUSED_VALUE = NO;
				GCC_WARN_UNUSED_VARIABLE = NO;
				HEADER_SEARCH_PATHS = (
					"$(OF_CORE_HEADERS)",
					../../../addons/ofxGui/libs,
					../../../addons/ofxGui/src,
					../../../addons/ofxOsc/libs,
					../../../addons/ofxOsc/libs/oscpack,
					../../../addons/ofxOsc/libs/oscpack/src,
					../../../addons/ofxOsc/libs/oscpack/src/ip,
					../../../addons/ofxOsc/libs/oscpack/src/ip/posix,
					../../../addons/ofxOsc/libs/oscpack/src/ip/win32,
					../../../addons/ofxOsc/libs/oscpack/src/osc,
					../../../addons/ofxOsc/src,
					../../../addons/ofxParamEdit/libs,
					../../../addons/ofxParamEdit/src,
					../../../addons/ofxSyphon/libs,
					../../../addons/ofxSyphon/libs/Syphon,
					../../../addons/ofxSyphon/libs/Syphon/lib,
					../../../addons/ofxSyphon/libs/Syphon/lib/osx,
					../../../addons/ofxSyphon/libs/Syphon/lib/osx/Syphon.framework,
					../../../addons/ofxSyphon/libs/Syphon/lib/osx/Syphon.framework/Headers,
					../../../addons/ofxSyphon/libs/Syphon/lib/osx/Syphon.framework/Resources,
					../../../addons/ofxSyphon/libs/Syphon/lib/osx/Syphon.framework/Resources/English.lproj,
					../../../addons/ofxSyphon/libs/Syphon/lib/osx/Syphon.framework/Versions,
					../../../addons/ofxSyphon/libs/Syphon/lib/osx/Syphon.framework/Versions/A,
					../../../addons/ofxSyphon/libs/Syphon/lib/osx/Syphon.framework/Versions/A/Headers,
					../../../addons/ofxSyphon/libs/Syphon/lib/osx/Syphon.framework/Versions/A/Resources,
					../../../addons/ofxSyphon/libs/Syphon/lib/osx/Syphon.framework/Versions/A/Resources/English.lproj,
					../../../addons/ofxSyphon/libs/Syphon/lib/osx/Syphon.framework/Versions/Current,
					../../../addons/ofxSyphon/libs/Syphon/lib/osx/Syphon.framework/Versions/Current/Headers,
					../../../addons/ofxSyphon/libs/Syphon/lib/osx/Syphon.framework/Versions/Current/Resources,
					../../../addons/ofxSyphon/libs/Syphon/lib/osx/Syphon.framework/Versions/Current/Resources/English.lproj,
					../../../addons/ofxSyphon/libs/Syphon/src,
					../../../addons/ofxSyphon/src,
					src,
				);
				MACOSX_DEPLOYMENT_TARGET = 10.6;
				OTHER_CPLUSPLUSFLAGS = (
					"-D__MACOSX_CORE__",
					"-lpthread",
					"-mtune=native",
				);
				SDKROOT = macosx;
			};
			name = Release;
		};
		E4B69B600A3A1757003C02F2 /* Debug */ = {
			isa = XCBuildConfiguration;
			buildSettings = {
				COMBINE_HIDPI_IMAGES = YES;
				COPY_PHASE_STRIP = NO;
				FRAMEWORK_SEARCH_PATHS = (
					"$(inherited)",
					"$(FRAMEWORK_SEARCH_PATHS_QUOTED_FOR_TARGET_1)",
					/Users/nariakiiwatani/Works/annoOF080Projects/addons/ofxSyphon/libs/Syphon/lib/osx,
				);
				FRAMEWORK_SEARCH_PATHS_QUOTED_FOR_TARGET_1 = "\"$(SRCROOT)/../../../libs/glut/lib/osx\"";
				GCC_DYNAMIC_NO_PIC = NO;
				GCC_GENERATE_DEBUGGING_SYMBOLS = YES;
				GCC_MODEL_TUNING = NONE;
				HEADER_SEARCH_PATHS = (
					"$(OF_CORE_HEADERS)",
					../../../addons/ofxGui/libs,
					../../../addons/ofxGui/src,
					../../../addons/ofxOsc/libs,
					../../../addons/ofxOsc/libs/oscpack,
					../../../addons/ofxOsc/libs/oscpack/src,
					../../../addons/ofxOsc/libs/oscpack/src/ip,
					../../../addons/ofxOsc/libs/oscpack/src/ip/posix,
					../../../addons/ofxOsc/libs/oscpack/src/ip/win32,
					../../../addons/ofxOsc/libs/oscpack/src/osc,
					../../../addons/ofxOsc/src,
					../../../addons/ofxParamEdit/libs,
					../../../addons/ofxParamEdit/src,
					../../../addons/ofxSyphon/libs,
					../../../addons/ofxSyphon/libs/Syphon,
					../../../addons/ofxSyphon/libs/Syphon/lib,
					../../../addons/ofxSyphon/libs/Syphon/lib/osx,
					../../../addons/ofxSyphon/libs/Syphon/lib/osx/Syphon.framework,
					../../../addons/ofxSyphon/libs/Syphon/lib/osx/Syphon.framework/Headers,
					../../../addons/ofxSyphon/libs/Syphon/lib/osx/Syphon.framework/Resources,
					../../../addons/ofxSyphon/libs/Syphon/lib/osx/Syphon.framework/Resources/English.lproj,
					../../../addons/ofxSyphon/libs/Syphon/lib/osx/Syphon.framework/Versions,
					../../../addons/ofxSyphon/libs/Syphon/lib/osx/Syphon.framework/Versions/A,
					../../../addons/ofxSyphon/libs/Syphon/lib/osx/Syphon.framework/Versions/A/Headers,
					../../../addons/ofxSyphon/libs/Syphon/lib/osx/Syphon.framework/Versions/A/Resources,
					../../../addons/ofxSyphon/libs/Syphon/lib/osx/Syphon.framework/Versions/A/Resources/English.lproj,
					../../../addons/ofxSyphon/libs/Syphon/lib/osx/Syphon.framework/Versions/Current,
					../../../addons/ofxSyphon/libs/Syphon/lib/osx/Syphon.framework/Versions/Current/Headers,
					../../../addons/ofxSyphon/libs/Syphon/lib/osx/Syphon.framework/Versions/Current/Resources,
					../../../addons/ofxSyphon/libs/Syphon/lib/osx/Syphon.framework/Versions/Current/Resources/English.lproj,
					../../../addons/ofxSyphon/libs/Syphon/src,
					../../../addons/ofxSyphon/src,
					src,
					../../../addons/ofxJSON/libs/jsoncpp/include,
				);
				ICON = "$(ICON_NAME_DEBUG)";
				ICON_FILE = "$(ICON_FILE_PATH)$(ICON)";
				INFOPLIST_FILE = "openFrameworks-Info.plist";
				INSTALL_PATH = "$(HOME)/Applications";
				LIBRARY_SEARCH_PATHS = (
					"$(inherited)",
					"$(LIBRARY_SEARCH_PATHS_QUOTED_FOR_TARGET_1)",
					"$(LIBRARY_SEARCH_PATHS_QUOTED_FOR_TARGET_2)",
					"$(LIBRARY_SEARCH_PATHS_QUOTED_FOR_TARGET_3)",
					"$(LIBRARY_SEARCH_PATHS_QUOTED_FOR_TARGET_4)",
					"$(LIBRARY_SEARCH_PATHS_QUOTED_FOR_TARGET_5)",
					"$(LIBRARY_SEARCH_PATHS_QUOTED_FOR_TARGET_6)",
					"$(LIBRARY_SEARCH_PATHS_QUOTED_FOR_TARGET_7)",
					"$(LIBRARY_SEARCH_PATHS_QUOTED_FOR_TARGET_8)",
					"$(LIBRARY_SEARCH_PATHS_QUOTED_FOR_TARGET_9)",
					"$(LIBRARY_SEARCH_PATHS_QUOTED_FOR_TARGET_10)",
					"$(LIBRARY_SEARCH_PATHS_QUOTED_FOR_TARGET_11)",
					"$(LIBRARY_SEARCH_PATHS_QUOTED_FOR_TARGET_12)",
					"$(LIBRARY_SEARCH_PATHS_QUOTED_FOR_TARGET_13)",
					"$(LIBRARY_SEARCH_PATHS_QUOTED_FOR_TARGET_14)",
					"$(LIBRARY_SEARCH_PATHS_QUOTED_FOR_TARGET_15)",
					"$(LIBRARY_SEARCH_PATHS_QUOTED_FOR_TARGET_2)",
					"$(LIBRARY_SEARCH_PATHS_QUOTED_FOR_TARGET_3)",
					"$(LIBRARY_SEARCH_PATHS_QUOTED_FOR_TARGET_7)",
					"$(LIBRARY_SEARCH_PATHS_QUOTED_FOR_TARGET_8)",
					"$(LIBRARY_SEARCH_PATHS_QUOTED_FOR_TARGET_9)",
					"$(LIBRARY_SEARCH_PATHS_QUOTED_FOR_TARGET_10)",
					"$(LIBRARY_SEARCH_PATHS_QUOTED_FOR_TARGET_11)",
					"$(LIBRARY_SEARCH_PATHS_QUOTED_FOR_TARGET_12)",
					"$(LIBRARY_SEARCH_PATHS_QUOTED_FOR_TARGET_13)",
					"$(LIBRARY_SEARCH_PATHS_QUOTED_FOR_TARGET_16)",
					"$(LIBRARY_SEARCH_PATHS_QUOTED_FOR_TARGET_17)",
					"$(LIBRARY_SEARCH_PATHS_QUOTED_FOR_TARGET_18)",
					"$(LIBRARY_SEARCH_PATHS_QUOTED_FOR_TARGET_19)",
					"$(LIBRARY_SEARCH_PATHS_QUOTED_FOR_TARGET_20)",
					"$(LIBRARY_SEARCH_PATHS_QUOTED_FOR_TARGET_21)",
					"$(LIBRARY_SEARCH_PATHS_QUOTED_FOR_TARGET_22)",
					"$(LIBRARY_SEARCH_PATHS_QUOTED_FOR_TARGET_23)",
					"$(LIBRARY_SEARCH_PATHS_QUOTED_FOR_TARGET_24)",
					"$(LIBRARY_SEARCH_PATHS_QUOTED_FOR_TARGET_25)",
					"$(LIBRARY_SEARCH_PATHS_QUOTED_FOR_TARGET_26)",
					"$(LIBRARY_SEARCH_PATHS_QUOTED_FOR_TARGET_27)",
					"$(LIBRARY_SEARCH_PATHS_QUOTED_FOR_TARGET_28)",
					"$(LIBRARY_SEARCH_PATHS_QUOTED_FOR_TARGET_29)",
					"$(LIBRARY_SEARCH_PATHS_QUOTED_FOR_TARGET_30)",
					"$(LIBRARY_SEARCH_PATHS_QUOTED_FOR_TARGET_31)",
					"$(LIBRARY_SEARCH_PATHS_QUOTED_FOR_TARGET_32)",
					"$(LIBRARY_SEARCH_PATHS_QUOTED_FOR_TARGET_33)",
					"$(LIBRARY_SEARCH_PATHS_QUOTED_FOR_TARGET_34)",
					"$(LIBRARY_SEARCH_PATHS_QUOTED_FOR_TARGET_35)",
					"$(LIBRARY_SEARCH_PATHS_QUOTED_FOR_TARGET_36)",
					"$(LIBRARY_SEARCH_PATHS_QUOTED_FOR_TARGET_37)",
					"$(LIBRARY_SEARCH_PATHS_QUOTED_FOR_TARGET_38)",
					"$(LIBRARY_SEARCH_PATHS_QUOTED_FOR_TARGET_39)",
					"$(LIBRARY_SEARCH_PATHS_QUOTED_FOR_TARGET_40)",
					"$(LIBRARY_SEARCH_PATHS_QUOTED_FOR_TARGET_41)",
					"$(LIBRARY_SEARCH_PATHS_QUOTED_FOR_TARGET_42)",
					"$(LIBRARY_SEARCH_PATHS_QUOTED_FOR_TARGET_43)",
					"$(LIBRARY_SEARCH_PATHS_QUOTED_FOR_TARGET_44)",
					"$(LIBRARY_SEARCH_PATHS_QUOTED_FOR_TARGET_45)",
					"$(LIBRARY_SEARCH_PATHS_QUOTED_FOR_TARGET_46)",
					"$(LIBRARY_SEARCH_PATHS_QUOTED_FOR_TARGET_47)",
					"$(LIBRARY_SEARCH_PATHS_QUOTED_FOR_TARGET_48)",
					"$(LIBRARY_SEARCH_PATHS_QUOTED_FOR_TARGET_49)",
					"$(LIBRARY_SEARCH_PATHS_QUOTED_FOR_TARGET_50)",
					"$(LIBRARY_SEARCH_PATHS_QUOTED_FOR_TARGET_51)",
					"$(LIBRARY_SEARCH_PATHS_QUOTED_FOR_TARGET_52)",
				);
				PRODUCT_NAME = ItsWorryDebug;
				USER_HEADER_SEARCH_PATHS = "../../../addons/ofxOsc/libs/oscpack/src/ ../../../addons/ofxOsc/libs/oscpack/src/";
				WRAPPER_EXTENSION = app;
			};
			name = Debug;
		};
		E4B69B610A3A1757003C02F2 /* Release */ = {
			isa = XCBuildConfiguration;
			buildSettings = {
				COMBINE_HIDPI_IMAGES = YES;
				COPY_PHASE_STRIP = YES;
				FRAMEWORK_SEARCH_PATHS = (
					"$(inherited)",
					"$(FRAMEWORK_SEARCH_PATHS_QUOTED_FOR_TARGET_1)",
					/Users/nariakiiwatani/Works/annoOF080Projects/addons/ofxSyphon/libs/Syphon/lib/osx,
				);
				FRAMEWORK_SEARCH_PATHS_QUOTED_FOR_TARGET_1 = "\"$(SRCROOT)/../../../libs/glut/lib/osx\"";
				GCC_GENERATE_DEBUGGING_SYMBOLS = YES;
				GCC_MODEL_TUNING = NONE;
				HEADER_SEARCH_PATHS = (
					"$(OF_CORE_HEADERS)",
					../../../addons/ofxGui/libs,
					../../../addons/ofxGui/src,
					../../../addons/ofxOsc/libs,
					../../../addons/ofxOsc/libs/oscpack,
					../../../addons/ofxOsc/libs/oscpack/src,
					../../../addons/ofxOsc/libs/oscpack/src/ip,
					../../../addons/ofxOsc/libs/oscpack/src/ip/posix,
					../../../addons/ofxOsc/libs/oscpack/src/ip/win32,
					../../../addons/ofxOsc/libs/oscpack/src/osc,
					../../../addons/ofxOsc/src,
					../../../addons/ofxParamEdit/libs,
					../../../addons/ofxParamEdit/src,
					../../../addons/ofxSyphon/libs,
					../../../addons/ofxSyphon/libs/Syphon,
					../../../addons/ofxSyphon/libs/Syphon/lib,
					../../../addons/ofxSyphon/libs/Syphon/lib/osx,
					../../../addons/ofxSyphon/libs/Syphon/lib/osx/Syphon.framework,
					../../../addons/ofxSyphon/libs/Syphon/lib/osx/Syphon.framework/Headers,
					../../../addons/ofxSyphon/libs/Syphon/lib/osx/Syphon.framework/Resources,
					../../../addons/ofxSyphon/libs/Syphon/lib/osx/Syphon.framework/Resources/English.lproj,
					../../../addons/ofxSyphon/libs/Syphon/lib/osx/Syphon.framework/Versions,
					../../../addons/ofxSyphon/libs/Syphon/lib/osx/Syphon.framework/Versions/A,
					../../../addons/ofxSyphon/libs/Syphon/lib/osx/Syphon.framework/Versions/A/Headers,
					../../../addons/ofxSyphon/libs/Syphon/lib/osx/Syphon.framework/Versions/A/Resources,
					../../../addons/ofxSyphon/libs/Syphon/lib/osx/Syphon.framework/Versions/A/Resources/English.lproj,
					../../../addons/ofxSyphon/libs/Syphon/lib/osx/Syphon.framework/Versions/Current,
					../../../addons/ofxSyphon/libs/Syphon/lib/osx/Syphon.framework/Versions/Current/Headers,
					../../../addons/ofxSyphon/libs/Syphon/lib/osx/Syphon.framework/Versions/Current/Resources,
					../../../addons/ofxSyphon/libs/Syphon/lib/osx/Syphon.framework/Versions/Current/Resources/English.lproj,
					../../../addons/ofxSyphon/libs/Syphon/src,
					../../../addons/ofxSyphon/src,
					src,
					../../../addons/ofxJSON/libs/jsoncpp/include,
				);
				ICON = "$(ICON_NAME_RELEASE)";
				ICON_FILE = "$(ICON_FILE_PATH)$(ICON)";
				INFOPLIST_FILE = "openFrameworks-Info.plist";
				INSTALL_PATH = "$(HOME)/Applications";
				LIBRARY_SEARCH_PATHS = (
					"$(inherited)",
					"$(LIBRARY_SEARCH_PATHS_QUOTED_FOR_TARGET_1)",
					"$(LIBRARY_SEARCH_PATHS_QUOTED_FOR_TARGET_2)",
					"$(LIBRARY_SEARCH_PATHS_QUOTED_FOR_TARGET_3)",
					"$(LIBRARY_SEARCH_PATHS_QUOTED_FOR_TARGET_4)",
					"$(LIBRARY_SEARCH_PATHS_QUOTED_FOR_TARGET_5)",
					"$(LIBRARY_SEARCH_PATHS_QUOTED_FOR_TARGET_6)",
					"$(LIBRARY_SEARCH_PATHS_QUOTED_FOR_TARGET_7)",
					"$(LIBRARY_SEARCH_PATHS_QUOTED_FOR_TARGET_8)",
					"$(LIBRARY_SEARCH_PATHS_QUOTED_FOR_TARGET_9)",
					"$(LIBRARY_SEARCH_PATHS_QUOTED_FOR_TARGET_10)",
					"$(LIBRARY_SEARCH_PATHS_QUOTED_FOR_TARGET_11)",
					"$(LIBRARY_SEARCH_PATHS_QUOTED_FOR_TARGET_12)",
					"$(LIBRARY_SEARCH_PATHS_QUOTED_FOR_TARGET_13)",
					"$(LIBRARY_SEARCH_PATHS_QUOTED_FOR_TARGET_14)",
					"$(LIBRARY_SEARCH_PATHS_QUOTED_FOR_TARGET_15)",
					"$(LIBRARY_SEARCH_PATHS_QUOTED_FOR_TARGET_2)",
					"$(LIBRARY_SEARCH_PATHS_QUOTED_1)",
					"$(LIBRARY_SEARCH_PATHS_QUOTED_FOR_TARGET_3)",
					"$(LIBRARY_SEARCH_PATHS_QUOTED_FOR_TARGET_7)",
					"$(LIBRARY_SEARCH_PATHS_QUOTED_FOR_TARGET_8)",
					"$(LIBRARY_SEARCH_PATHS_QUOTED_FOR_TARGET_9)",
					"$(LIBRARY_SEARCH_PATHS_QUOTED_FOR_TARGET_10)",
					"$(LIBRARY_SEARCH_PATHS_QUOTED_FOR_TARGET_11)",
					"$(LIBRARY_SEARCH_PATHS_QUOTED_FOR_TARGET_12)",
					"$(LIBRARY_SEARCH_PATHS_QUOTED_FOR_TARGET_13)",
					"$(LIBRARY_SEARCH_PATHS_QUOTED_FOR_TARGET_16)",
					"$(LIBRARY_SEARCH_PATHS_QUOTED_FOR_TARGET_17)",
					"$(LIBRARY_SEARCH_PATHS_QUOTED_FOR_TARGET_18)",
					"$(LIBRARY_SEARCH_PATHS_QUOTED_FOR_TARGET_19)",
					"$(LIBRARY_SEARCH_PATHS_QUOTED_FOR_TARGET_20)",
					"$(LIBRARY_SEARCH_PATHS_QUOTED_FOR_TARGET_21)",
					"$(LIBRARY_SEARCH_PATHS_QUOTED_FOR_TARGET_22)",
					"$(LIBRARY_SEARCH_PATHS_QUOTED_FOR_TARGET_23)",
					"$(LIBRARY_SEARCH_PATHS_QUOTED_FOR_TARGET_24)",
					"$(LIBRARY_SEARCH_PATHS_QUOTED_FOR_TARGET_25)",
					"$(LIBRARY_SEARCH_PATHS_QUOTED_FOR_TARGET_26)",
					"$(LIBRARY_SEARCH_PATHS_QUOTED_FOR_TARGET_27)",
					"$(LIBRARY_SEARCH_PATHS_QUOTED_FOR_TARGET_28)",
					"$(LIBRARY_SEARCH_PATHS_QUOTED_FOR_TARGET_29)",
					"$(LIBRARY_SEARCH_PATHS_QUOTED_FOR_TARGET_30)",
					"$(LIBRARY_SEARCH_PATHS_QUOTED_FOR_TARGET_31)",
					"$(LIBRARY_SEARCH_PATHS_QUOTED_FOR_TARGET_32)",
					"$(LIBRARY_SEARCH_PATHS_QUOTED_FOR_TARGET_33)",
					"$(LIBRARY_SEARCH_PATHS_QUOTED_FOR_TARGET_34)",
					"$(LIBRARY_SEARCH_PATHS_QUOTED_FOR_TARGET_35)",
					"$(LIBRARY_SEARCH_PATHS_QUOTED_FOR_TARGET_36)",
					"$(LIBRARY_SEARCH_PATHS_QUOTED_FOR_TARGET_37)",
					"$(LIBRARY_SEARCH_PATHS_QUOTED_FOR_TARGET_38)",
					"$(LIBRARY_SEARCH_PATHS_QUOTED_FOR_TARGET_39)",
					"$(LIBRARY_SEARCH_PATHS_QUOTED_FOR_TARGET_40)",
					"$(LIBRARY_SEARCH_PATHS_QUOTED_FOR_TARGET_41)",
					"$(LIBRARY_SEARCH_PATHS_QUOTED_FOR_TARGET_42)",
					"$(LIBRARY_SEARCH_PATHS_QUOTED_FOR_TARGET_43)",
					"$(LIBRARY_SEARCH_PATHS_QUOTED_FOR_TARGET_44)",
					"$(LIBRARY_SEARCH_PATHS_QUOTED_FOR_TARGET_45)",
					"$(LIBRARY_SEARCH_PATHS_QUOTED_FOR_TARGET_46)",
					"$(LIBRARY_SEARCH_PATHS_QUOTED_FOR_TARGET_47)",
					"$(LIBRARY_SEARCH_PATHS_QUOTED_FOR_TARGET_48)",
					"$(LIBRARY_SEARCH_PATHS_QUOTED_FOR_TARGET_49)",
					"$(LIBRARY_SEARCH_PATHS_QUOTED_FOR_TARGET_50)",
					"$(LIBRARY_SEARCH_PATHS_QUOTED_FOR_TARGET_51)",
				);
				PRODUCT_NAME = ItsWorry;
				USER_HEADER_SEARCH_PATHS = "../../../addons/ofxOsc/libs/oscpack/src/ ../../../addons/ofxOsc/libs/oscpack/src/";
				WRAPPER_EXTENSION = app;
			};
			name = Release;
		};
/* End XCBuildConfiguration section */

/* Begin XCConfigurationList section */
		E4B69B4D0A3A1720003C02F2 /* Build configuration list for PBXProject "ItsWorry" */ = {
			isa = XCConfigurationList;
			buildConfigurations = (
				E4B69B4E0A3A1720003C02F2 /* Debug */,
				E4B69B4F0A3A1720003C02F2 /* Release */,
			);
			defaultConfigurationIsVisible = 0;
			defaultConfigurationName = Release;
		};
		E4B69B5F0A3A1757003C02F2 /* Build configuration list for PBXNativeTarget "ItsWorry" */ = {
			isa = XCConfigurationList;
			buildConfigurations = (
				E4B69B600A3A1757003C02F2 /* Debug */,
				E4B69B610A3A1757003C02F2 /* Release */,
			);
			defaultConfigurationIsVisible = 0;
			defaultConfigurationName = Release;
		};
/* End XCConfigurationList section */
	};
	rootObject = E4B69B4C0A3A1720003C02F2 /* Project object */;
}
